
Microsoft Visual Studio Solution File, Format Version 12.00
# Visual Studio 15
VisualStudioVersion = 15.0.27703.2042
MinimumVisualStudioVersion = 10.0.40219.1
Project("{FAE04EC0-301F-11D3-BF4B-00C04F79EFBC}") = "FolderWatcherExe", "FolderWatcherExe\FolderWatcherExe.csproj", "{408D75EF-B90B-427B-A506-9E947CF3E462}"
EndProject
Project("{9A19103F-16F7-4668-BE54-9A1E7A4F7556}") = "CommonTools.Lib11", "CommonTools.Lib11\CommonTools.Lib11.csproj", "{84CB6053-1F98-4104-A49B-4E6C0D01BC1B}"
EndProject
Project("{FAE04EC0-301F-11D3-BF4B-00C04F79EFBC}") = "CommonTools.Lib45", "CommonTools.Lib45\CommonTools.Lib45.csproj", "{87E5F39D-0A54-4643-A427-8B8EE9547892}"
EndProject
Project("{FAE04EC0-301F-11D3-BF4B-00C04F79EFBC}") = "PermissionSetter.Lib11", "PermissionSetter.Lib11\PermissionSetter.Lib11.csproj", "{BC3D13A4-0614-4E5F-91FE-BEA612593A6A}"
EndProject
Global
	GlobalSection(SolutionConfigurationPlatforms) = preSolution
		Debug|Any CPU = Debug|Any CPU
		Release|Any CPU = Release|Any CPU
	EndGlobalSection
	GlobalSection(ProjectConfigurationPlatforms) = postSolution
		{408D75EF-B90B-427B-A506-9E947CF3E462}.Debug|Any CPU.ActiveCfg = Debug|Any CPU
		{408D75EF-B90B-427B-A506-9E947CF3E462}.Debug|Any CPU.Build.0 = Debug|Any CPU
		{408D75EF-B90B-427B-A506-9E947CF3E462}.Release|Any CPU.ActiveCfg = Release|Any CPU
		{408D75EF-B90B-427B-A506-9E947CF3E462}.Release|Any CPU.Build.0 = Release|Any CPU
		{84CB6053-1F98-4104-A49B-4E6C0D01BC1B}.Debug|Any CPU.ActiveCfg = Debug|Any CPU
		{84CB6053-1F98-4104-A49B-4E6C0D01BC1B}.Debug|Any CPU.Build.0 = Debug|Any CPU
		{84CB6053-1F98-4104-A49B-4E6C0D01BC1B}.Release|Any CPU.ActiveCfg = Release|Any CPU
		{84CB6053-1F98-4104-A49B-4E6C0D01BC1B}.Release|Any CPU.Build.0 = Release|Any CPU
		{87E5F39D-0A54-4643-A427-8B8EE9547892}.Debug|Any CPU.ActiveCfg = Debug|Any CPU
		{87E5F39D-0A54-4643-A427-8B8EE9547892}.Debug|Any CPU.Build.0 = Debug|Any CPU
		{87E5F39D-0A54-4643-A427-8B8EE9547892}.Release|Any CPU.ActiveCfg = Release|Any CPU
		{87E5F39D-0A54-4643-A427-8B8EE9547892}.Release|Any CPU.Build.0 = Release|Any CPU
		{BC3D13A4-0614-4E5F-91FE-BEA612593A6A}.Debug|Any CPU.ActiveCfg = Debug|Any CPU
		{BC3D13A4-0614-4E5F-91FE-BEA612593A6A}.Debug|Any CPU.Build.0 = Debug|Any CPU
		{BC3D13A4-0614-4E5F-91FE-BEA612593A6A}.Release|Any CPU.ActiveCfg = Release|Any CPU
		{BC3D13A4-0614-4E5F-91FE-BEA612593A6A}.Release|Any CPU.Build.0 = Release|Any CPU
	EndGlobalSection
	GlobalSection(SolutionProperties) = preSolution
		HideSolutionNode = FALSE
	EndGlobalSection
	GlobalSection(ExtensibilityGlobals) = postSolution
		SolutionGuid = {8514EA2F-19E1-4050-AB7C-8EAB84C2635B}
	EndGlobalSection
EndGlobal
